
Microsoft Visual Studio Solution File, Format Version 12.00
# Visual Studio Version 17
VisualStudioVersion = 17.0.32112.339
MinimumVisualStudioVersion = 10.0.40219.1
Project("{FAE04EC0-301F-11D3-BF4B-00C04F79EFBC}") = "EFIntro", "EFIntro\EFIntro.csproj", "{2C22E9DA-31E0-4308-BB62-A5D6BAF6933E}"
EndProject
Project("{FAE04EC0-301F-11D3-BF4B-00C04F79EFBC}") = "SQLServerIntro", "SQLServerIntro\SQLServerIntro.csproj", "{C19F2C73-BDDD-47CD-AFD2-5707B6C11711}"
EndProject
Global
	GlobalSection(SolutionConfigurationPlatforms) = preSolution
		Debug|Any CPU = Debug|Any CPU
		Release|Any CPU = Release|Any CPU
	EndGlobalSection
	GlobalSection(ProjectConfigurationPlatforms) = postSolution
		{2C22E9DA-31E0-4308-BB62-A5D6BAF6933E}.Debug|Any CPU.ActiveCfg = Debug|Any CPU
		{2C22E9DA-31E0-4308-BB62-A5D6BAF6933E}.Debug|Any CPU.Build.0 = Debug|Any CPU
		{2C22E9DA-31E0-4308-BB62-A5D6BAF6933E}.Release|Any CPU.ActiveCfg = Release|Any CPU
		{2C22E9DA-31E0-4308-BB62-A5D6BAF6933E}.Release|Any CPU.Build.0 = Release|Any CPU
		{C19F2C73-BDDD-47CD-AFD2-5707B6C11711}.Debug|Any CPU.ActiveCfg = Debug|Any CPU
		{C19F2C73-BDDD-47CD-AFD2-5707B6C11711}.Debug|Any CPU.Build.0 = Debug|Any CPU
		{C19F2C73-BDDD-47CD-AFD2-5707B6C11711}.Release|Any CPU.ActiveCfg = Release|Any CPU
		{C19F2C73-BDDD-47CD-AFD2-5707B6C11711}.Release|Any CPU.Build.0 = Release|Any CPU
	EndGlobalSection
	GlobalSection(SolutionProperties) = preSolution
		HideSolutionNode = FALSE
	EndGlobalSection
	GlobalSection(ExtensibilityGlobals) = postSolution
		SolutionGuid = {A07326FD-8754-49B7-A818-5E6142986233}
	EndGlobalSection
EndGlobal
